
Microsoft Visual Studio Solution File, Format Version 12.00
# Visual Studio Version 16
VisualStudioVersion = 16.0.29613.14
MinimumVisualStudioVersion = 10.0.40219.1
Project("{FAE04EC0-301F-11D3-BF4B-00C04F79EFBC}") = "DZ.Mortgage", "DZ.Mortgage\DZ.Mortgage.csproj", "{62D97516-9840-474A-AA3D-AE907715AC32}"
EndProject
Project("{FAE04EC0-301F-11D3-BF4B-00C04F79EFBC}") = "DZ.Mortgage.Tests", "DZ.Mortgage.Tests\DZ.Mortgage.Tests.csproj", "{0AE853A7-3C4B-45FC-B138-5F5A5B12AD84}"
EndProject
Global
	GlobalSection(SolutionConfigurationPlatforms) = preSolution
		Debug|Any CPU = Debug|Any CPU
		Release|Any CPU = Release|Any CPU
	EndGlobalSection
	GlobalSection(ProjectConfigurationPlatforms) = postSolution
		{62D97516-9840-474A-AA3D-AE907715AC32}.Debug|Any CPU.ActiveCfg = Debug|Any CPU
		{62D97516-9840-474A-AA3D-AE907715AC32}.Debug|Any CPU.Build.0 = Debug|Any CPU
		{62D97516-9840-474A-AA3D-AE907715AC32}.Release|Any CPU.ActiveCfg = Release|Any CPU
		{62D97516-9840-474A-AA3D-AE907715AC32}.Release|Any CPU.Build.0 = Release|Any CPU
		{0AE853A7-3C4B-45FC-B138-5F5A5B12AD84}.Debug|Any CPU.ActiveCfg = Debug|Any CPU
		{0AE853A7-3C4B-45FC-B138-5F5A5B12AD84}.Debug|Any CPU.Build.0 = Debug|Any CPU
		{0AE853A7-3C4B-45FC-B138-5F5A5B12AD84}.Release|Any CPU.ActiveCfg = Release|Any CPU
		{0AE853A7-3C4B-45FC-B138-5F5A5B12AD84}.Release|Any CPU.Build.0 = Release|Any CPU
	EndGlobalSection
	GlobalSection(SolutionProperties) = preSolution
		HideSolutionNode = FALSE
	EndGlobalSection
	GlobalSection(ExtensibilityGlobals) = postSolution
		SolutionGuid = {E773D78A-7294-40D6-A63F-A336646F6092}
	EndGlobalSection
EndGlobal
